// !$*UTF8*$!
{
	archiveVersion = 1;
	classes = {
	};
	objectVersion = 50;
	objects = {

/* Begin PBXBuildFile section */
		64DA90682603FC05001243DE /* MercadoLivreApp.swift in Sources */ = {isa = PBXBuildFile; fileRef = 64DA90672603FC05001243DE /* MercadoLivreApp.swift */; };
		64DA906A2603FC05001243DE /* ContentView.swift in Sources */ = {isa = PBXBuildFile; fileRef = 64DA90692603FC05001243DE /* ContentView.swift */; };
		64DA906C2603FC07001243DE /* Assets.xcassets in Resources */ = {isa = PBXBuildFile; fileRef = 64DA906B2603FC07001243DE /* Assets.xcassets */; };
		64DA906F2603FC07001243DE /* Preview Assets.xcassets in Resources */ = {isa = PBXBuildFile; fileRef = 64DA906E2603FC07001243DE /* Preview Assets.xcassets */; };
		64DA907B26041010001243DE /* MenuItem.swift in Sources */ = {isa = PBXBuildFile; fileRef = 64DA907A26041010001243DE /* MenuItem.swift */; };
		64DA907F26041034001243DE /* MenuItemView.swift in Sources */ = {isa = PBXBuildFile; fileRef = 64DA907E26041034001243DE /* MenuItemView.swift */; };
		64DA9089260414C2001243DE /* README.md in Resources */ = {isa = PBXBuildFile; fileRef = 64DA9088260414C2001243DE /* README.md */; };
/* End PBXBuildFile section */

/* Begin PBXFileReference section */
		64DA90642603FC05001243DE /* MercadoLivre.app */ = {isa = PBXFileReference; explicitFileType = wrapper.application; includeInIndex = 0; path = MercadoLivre.app; sourceTree = BUILT_PRODUCTS_DIR; };
		64DA90672603FC05001243DE /* MercadoLivreApp.swift */ = {isa = PBXFileReference; lastKnownFileType = sourcecode.swift; path = MercadoLivreApp.swift; sourceTree = "<group>"; };
		64DA90692603FC05001243DE /* ContentView.swift */ = {isa = PBXFileReference; lastKnownFileType = sourcecode.swift; path = ContentView.swift; sourceTree = "<group>"; };
		64DA906B2603FC07001243DE /* Assets.xcassets */ = {isa = PBXFileReference; lastKnownFileType = folder.assetcatalog; path = Assets.xcassets; sourceTree = "<group>"; };
		64DA906E2603FC07001243DE /* Preview Assets.xcassets */ = {isa = PBXFileReference; lastKnownFileType = folder.assetcatalog; path = "Preview Assets.xcassets"; sourceTree = "<group>"; };
		64DA90702603FC07001243DE /* Info.plist */ = {isa = PBXFileReference; lastKnownFileType = text.plist.xml; path = Info.plist; sourceTree = "<group>"; };
		64DA907A26041010001243DE /* MenuItem.swift */ = {isa = PBXFileReference; lastKnownFileType = sourcecode.swift; path = MenuItem.swift; sourceTree = "<group>"; };
		64DA907E26041034001243DE /* MenuItemView.swift */ = {isa = PBXFileReference; lastKnownFileType = sourcecode.swift; path = MenuItemView.swift; sourceTree = "<group>"; };
		64DA9088260414C2001243DE /* README.md */ = {isa = PBXFileReference; lastKnownFileType = net.daringfireball.markdown; path = README.md; sourceTree = "<group>"; };
/* End PBXFileReference section */

/* Begin PBXFrameworksBuildPhase section */
		64DA90612603FC05001243DE /* Frameworks */ = {
			isa = PBXFrameworksBuildPhase;
			buildActionMask = 2147483647;
			files = (
			);
			runOnlyForDeploymentPostprocessing = 0;
		};
/* End PBXFrameworksBuildPhase section */

/* Begin PBXGroup section */
		64DA905B2603FC05001243DE = {
			isa = PBXGroup;
			children = (
				64DA9088260414C2001243DE /* README.md */,
				64DA90662603FC05001243DE /* MercadoLivre */,
				64DA90652603FC05001243DE /* Products */,
			);
			sourceTree = "<group>";
		};
		64DA90652603FC05001243DE /* Products */ = {
			isa = PBXGroup;
			children = (
				64DA90642603FC05001243DE /* MercadoLivre.app */,
			);
			name = Products;
			sourceTree = "<group>";
		};
		64DA90662603FC05001243DE /* MercadoLivre */ = {
			isa = PBXGroup;
			children = (
				64DA907926040FF8001243DE /* Model */,
				64DA907826040FF0001243DE /* View */,
				64DA90672603FC05001243DE /* MercadoLivreApp.swift */,
				64DA90692603FC05001243DE /* ContentView.swift */,
				64DA906B2603FC07001243DE /* Assets.xcassets */,
				64DA90702603FC07001243DE /* Info.plist */,
				64DA906D2603FC07001243DE /* Preview Content */,
			);
			path = MercadoLivre;
			sourceTree = "<group>";
		};
		64DA906D2603FC07001243DE /* Preview Content */ = {
			isa = PBXGroup;
			children = (
				64DA906E2603FC07001243DE /* Preview Assets.xcassets */,
			);
			path = "Preview Content";
			sourceTree = "<group>";
		};
		64DA907826040FF0001243DE /* View */ = {
			isa = PBXGroup;
			children = (
				64DA907E26041034001243DE /* MenuItemView.swift */,
			);
			path = View;
			sourceTree = "<group>";
		};
		64DA907926040FF8001243DE /* Model */ = {
			isa = PBXGroup;
			children = (
				64DA907A26041010001243DE /* MenuItem.swift */,
			);
			path = Model;
			sourceTree = "<group>";
		};
/* End PBXGroup section */

/* Begin PBXNativeTarget section */
		64DA90632603FC05001243DE /* MercadoLivre */ = {
			isa = PBXNativeTarget;
			buildConfigurationList = 64DA90732603FC07001243DE /* Build configuration list for PBXNativeTarget "MercadoLivre" */;
			buildPhases = (
				64DA90602603FC05001243DE /* Sources */,
				64DA90612603FC05001243DE /* Frameworks */,
				64DA90622603FC05001243DE /* Resources */,
			);
			buildRules = (
			);
			dependencies = (
			);
			name = MercadoLivre;
			productName = MercadoLivre;
			productReference = 64DA90642603FC05001243DE /* MercadoLivre.app */;
			productType = "com.apple.product-type.application";
		};
/* End PBXNativeTarget section */

/* Begin PBXProject section */
		64DA905C2603FC05001243DE /* Project object */ = {
			isa = PBXProject;
			attributes = {
				LastSwiftUpdateCheck = 1240;
				LastUpgradeCheck = 1240;
				TargetAttributes = {
					64DA90632603FC05001243DE = {
						CreatedOnToolsVersion = 12.4;
					};
				};
			};
			buildConfigurationList = 64DA905F2603FC05001243DE /* Build configuration list for PBXProject "MercadoLivre" */;
			compatibilityVersion = "Xcode 9.3";
			developmentRegion = en;
			hasScannedForEncodings = 0;
			knownRegions = (
				en,
				Base,
			);
			mainGroup = 64DA905B2603FC05001243DE;
			productRefGroup = 64DA90652603FC05001243DE /* Products */;
			projectDirPath = "";
			projectRoot = "";
			targets = (
				64DA90632603FC05001243DE /* MercadoLivre */,
			);
		};
/* End PBXProject section */

/* Begin PBXResourcesBuildPhase section */
		64DA90622603FC05001243DE /* Resources */ = {
			isa = PBXResourcesBuildPhase;
			buildActionMask = 2147483647;
			files = (
				64DA9089260414C2001243DE /* README.md in Resources */,
				64DA906F2603FC07001243DE /* Preview Assets.xcassets in Resources */,
				64DA906C2603FC07001243DE /* Assets.xcassets in Resources */,
			);
			runOnlyForDeploymentPostprocessing = 0;
		};
/* End PBXResourcesBuildPhase section */

/* Begin PBXSourcesBuildPhase section */
		64DA90602603FC05001243DE /* Sources */ = {
			isa = PBXSourcesBuildPhase;
			buildActionMask = 2147483647;
			files = (
				64DA907F26041034001243DE /* MenuItemView.swift in Sources */,
				64DA906A2603FC05001243DE /* ContentView.swift in Sources */,
				64DA907B26041010001243DE /* MenuItem.swift in Sources */,
				64DA90682603FC05001243DE /* MercadoLivreApp.swift in Sources */,
			);
			runOnlyForDeploymentPostprocessing = 0;
		};
/* End PBXSourcesBuildPhase section */

/* Begin XCBuildConfiguration section */
		64DA90712603FC07001243DE /* Debug */ = {
			isa = XCBuildConfiguration;
			buildSettings = {
				ALWAYS_SEARCH_USER_PATHS = NO;
				CLANG_ANALYZER_NONNULL = YES;
				CLANG_ANALYZER_NUMBER_OBJECT_CONVERSION = YES_AGGRESSIVE;
				CLANG_CXX_LANGUAGE_STANDARD = "gnu++14";
				CLANG_CXX_LIBRARY = "libc++";
				CLANG_ENABLE_MODULES = YES;
				CLANG_ENABLE_OBJC_ARC = YES;
				CLANG_ENABLE_OBJC_WEAK = YES;
				CLANG_WARN_BLOCK_CAPTURE_AUTORELEASING = YES;
				CLANG_WARN_BOOL_CONVERSION = YES;
				CLANG_WARN_COMMA = YES;
				CLANG_WARN_CONSTANT_CONVERSION = YES;
				CLANG_WARN_DEPRECATED_OBJC_IMPLEMENTATIONS = YES;
				CLANG_WARN_DIRECT_OBJC_ISA_USAGE = YES_ERROR;
				CLANG_WARN_DOCUMENTATION_COMMENTS = YES;
				CLANG_WARN_EMPTY_BODY = YES;
				CLANG_WARN_ENUM_CONVERSION = YES;
				CLANG_WARN_INFINITE_RECURSION = YES;
				CLANG_WARN_INT_CONVERSION = YES;
				CLANG_WARN_NON_LITERAL_NULL_CONVERSION = YES;
				CLANG_WARN_OBJC_IMPLICIT_RETAIN_SELF = YES;
				CLANG_WARN_OBJC_LITERAL_CONVERSION = YES;
				CLANG_WARN_OBJC_ROOT_CLASS = YES_ERROR;
				CLANG_WARN_QUOTED_INCLUDE_IN_FRAMEWORK_HEADER = YES;
				CLANG_WARN_RANGE_LOOP_ANALYSIS = YES;
				CLANG_WARN_STRICT_PROTOTYPES = YES;
				CLANG_WARN_SUSPICIOUS_MOVE = YES;
				CLANG_WARN_UNGUARDED_AVAILABILITY = YES_AGGRESSIVE;
				CLANG_WARN_UNREACHABLE_CODE = YES;
				CLANG_WARN__DUPLICATE_METHOD_MATCH = YES;
				COPY_PHASE_STRIP = NO;
				DEBUG_INFORMATION_FORMAT = dwarf;
				ENABLE_STRICT_OBJC_MSGSEND = YES;
				ENABLE_TESTABILITY = YES;
				GCC_C_LANGUAGE_STANDARD = gnu11;
				GCC_DYNAMIC_NO_PIC = NO;
				GCC_NO_COMMON_BLOCKS = YES;
				GCC_OPTIMIZATION_LEVEL = 0;
				GCC_PREPROCESSOR_DEFINITIONS = (
					"DEBUG=1",
					"$(inherited)",
				);
				GCC_WARN_64_TO_32_BIT_CONVERSION = YES;
				GCC_WARN_ABOUT_RETURN_TYPE = YES_ERROR;
				GCC_WARN_UNDECLARED_SELECTOR = YES;
				GCC_WARN_UNINITIALIZED_AUTOS = YES_AGGRESSIVE;
				GCC_WARN_UNUSED_FUNCTION = YES;
				GCC_WARN_UNUSED_VARIABLE = YES;
				IPHONEOS_DEPLOYMENT_TARGET = 14.4;
				MTL_ENABLE_DEBUG_INFO = INCLUDE_SOURCE;
				MTL_FAST_MATH = YES;
				ONLY_ACTIVE_ARCH = YES;
				SDKROOT = iphoneos;
				SWIFT_ACTIVE_COMPILATION_CONDITIONS = DEBUG;
				SWIFT_OPTIMIZATION_LEVEL = "-Onone";
			};
			name = Debug;
		};
		64DA90722603FC07001243DE /* Release */ = {
			isa = XCBuildConfiguration;
			buildSettings = {
				ALWAYS_SEARCH_USER_PATHS = NO;
				CLANG_ANALYZER_NONNULL = YES;
				CLANG_ANALYZER_NUMBER_OBJECT_CONVERSION = YES_AGGRESSIVE;
				CLANG_CXX_LANGUAGE_STANDARD = "gnu++14";
				CLANG_CXX_LIBRARY = "libc++";
				CLANG_ENABLE_MODULES = YES;
				CLANG_ENABLE_OBJC_ARC = YES;
				CLANG_ENABLE_OBJC_WEAK = YES;
				CLANG_WARN_BLOCK_CAPTURE_AUTORELEASING = YES;
				CLANG_WARN_BOOL_CONVERSION = YES;
				CLANG_WARN_COMMA = YES;
				CLANG_WARN_CONSTANT_CONVERSION = YES;
				CLANG_WARN_DEPRECATED_OBJC_IMPLEMENTATIONS = YES;
				CLANG_WARN_DIRECT_OBJC_ISA_USAGE = YES_ERROR;
				CLANG_WARN_DOCUMENTATION_COMMENTS = YES;
				CLANG_WARN_EMPTY_BODY = YES;
				CLANG_WARN_ENUM_CONVERSION = YES;
				CLANG_WARN_INFINITE_RECURSION = YES;
				CLANG_WARN_INT_CONVERSION = YES;
				CLANG_WARN_NON_LITERAL_NULL_CONVERSION = YES;
				CLANG_WARN_OBJC_IMPLICIT_RETAIN_SELF = YES;
				CLANG_WARN_OBJC_LITERAL_CONVERSION = YES;
				CLANG_WARN_OBJC_ROOT_CLASS = YES_ERROR;
				CLANG_WARN_QUOTED_INCLUDE_IN_FRAMEWORK_HEADER = YES;
				CLANG_WARN_RANGE_LOOP_ANALYSIS = YES;
				CLANG_WARN_STRICT_PROTOTYPES = YES;
				CLANG_WARN_SUSPICIOUS_MOVE = YES;
				CLANG_WARN_UNGUARDED_AVAILABILITY = YES_AGGRESSIVE;
				CLANG_WARN_UNREACHABLE_CODE = YES;
				CLANG_WARN__DUPLICATE_METHOD_MATCH = YES;
				COPY_PHASE_STRIP = NO;
				DEBUG_INFORMATION_FORMAT = "dwarf-with-dsym";
				ENABLE_NS_ASSERTIONS = NO;
				ENABLE_STRICT_OBJC_MSGSEND = YES;
				GCC_C_LANGUAGE_STANDARD = gnu11;
				GCC_NO_COMMON_BLOCKS = YES;
				GCC_WARN_64_TO_32_BIT_CONVERSION = YES;
				GCC_WARN_ABOUT_RETURN_TYPE = YES_ERROR;
				GCC_WARN_UNDECLARED_SELECTOR = YES;
				GCC_WARN_UNINITIALIZED_AUTOS = YES_AGGRESSIVE;
				GCC_WARN_UNUSED_FUNCTION = YES;
				GCC_WARN_UNUSED_VARIABLE = YES;
				IPHONEOS_DEPLOYMENT_TARGET = 14.4;
				MTL_ENABLE_DEBUG_INFO = NO;
				MTL_FAST_MATH = YES;
				SDKROOT = iphoneos;
				SWIFT_COMPILATION_MODE = wholemodule;
				SWIFT_OPTIMIZATION_LEVEL = "-O";
				VALIDATE_PRODUCT = YES;
			};
			name = Release;
		};
		64DA90742603FC07001243DE /* Debug */ = {
			isa = XCBuildConfiguration;
			buildSettings = {
				ASSETCATALOG_COMPILER_APPICON_NAME = AppIcon;
				ASSETCATALOG_COMPILER_GLOBAL_ACCENT_COLOR_NAME = AccentColor;
				CODE_SIGN_STYLE = Automatic;
				DEVELOPMENT_ASSET_PATHS = "\"MercadoLivre/Preview Content\"";
				ENABLE_PREVIEWS = YES;
				INFOPLIST_FILE = MercadoLivre/Info.plist;
				IPHONEOS_DEPLOYMENT_TARGET = 14.0;
				LD_RUNPATH_SEARCH_PATHS = (
					"$(inherited)",
					"@executable_path/Frameworks",
				);
				PRODUCT_BUNDLE_IDENTIFIER = io.github.rphlfc.MercadoLivre;
				PRODUCT_NAME = "$(TARGET_NAME)";
				SWIFT_VERSION = 5.0;
				TARGETED_DEVICE_FAMILY = "1,2";
			};
			name = Debug;
		};
		64DA90752603FC07001243DE /* Release */ = {
			isa = XCBuildConfiguration;
			buildSettings = {
				ASSETCATALOG_COMPILER_APPICON_NAME = AppIcon;
				ASSETCATALOG_COMPILER_GLOBAL_ACCENT_COLOR_NAME = AccentColor;
				CODE_SIGN_STYLE = Automatic;
				DEVELOPMENT_ASSET_PATHS = "\"MercadoLivre/Preview Content\"";
				ENABLE_PREVIEWS = YES;
				INFOPLIST_FILE = MercadoLivre/Info.plist;
				IPHONEOS_DEPLOYMENT_TARGET = 14.0;
				LD_RUNPATH_SEARCH_PATHS = (
					"$(inherited)",
					"@executable_path/Frameworks",
				);
				PRODUCT_BUNDLE_IDENTIFIER = io.github.rphlfc.MercadoLivre;
				PRODUCT_NAME = "$(TARGET_NAME)";
				SWIFT_VERSION = 5.0;
				TARGETED_DEVICE_FAMILY = "1,2";
			};
			name = Release;
		};
/* End XCBuildConfiguration section */

/* Begin XCConfigurationList section */
		64DA905F2603FC05001243DE /* Build configuration list for PBXProject "MercadoLivre" */ = {
			isa = XCConfigurationList;
			buildConfigurations = (
				64DA90712603FC07001243DE /* Debug */,
				64DA90722603FC07001243DE /* Release */,
			);
			defaultConfigurationIsVisible = 0;
			defaultConfigurationName = Release;
		};
		64DA90732603FC07001243DE /* Build configuration list for PBXNativeTarget "MercadoLivre" */ = {
			isa = XCConfigurationList;
			buildConfigurations = (
				64DA90742603FC07001243DE /* Debug */,
				64DA90752603FC07001243DE /* Release */,
			);
			defaultConfigurationIsVisible = 0;
			defaultConfigurationName = Release;
		};
/* End XCConfigurationList section */
	};
	rootObject = 64DA905C2603FC05001243DE /* Project object */;
}
